
Microsoft Visual Studio Solution File, Format Version 12.00
# Visual Studio Version 17
VisualStudioVersion = 17.5.33424.131
MinimumVisualStudioVersion = 10.0.40219.1
Project("{FAE04EC0-301F-11D3-BF4B-00C04F79EFBC}") = "InventoryManager", "InventoryManager\InventoryManager.csproj", "{E21629FA-D7FF-4626-9DFA-3A1FDF160294}"
EndProject
Global
	GlobalSection(SolutionConfigurationPlatforms) = preSolution
		Debug|Any CPU = Debug|Any CPU
		Release|Any CPU = Release|Any CPU
	EndGlobalSection
	GlobalSection(ProjectConfigurationPlatforms) = postSolution
		{E21629FA-D7FF-4626-9DFA-3A1FDF160294}.Debug|Any CPU.ActiveCfg = Debug|Any CPU
		{E21629FA-D7FF-4626-9DFA-3A1FDF160294}.Debug|Any CPU.Build.0 = Debug|Any CPU
		{E21629FA-D7FF-4626-9DFA-3A1FDF160294}.Release|Any CPU.ActiveCfg = Release|Any CPU
		{E21629FA-D7FF-4626-9DFA-3A1FDF160294}.Release|Any CPU.Build.0 = Release|Any CPU
	EndGlobalSection
	GlobalSection(SolutionProperties) = preSolution
		HideSolutionNode = FALSE
	EndGlobalSection
	GlobalSection(ExtensibilityGlobals) = postSolution
		SolutionGuid = {7684DEBA-9C05-4F97-A0F2-19C3980F09EB}
	EndGlobalSection
EndGlobal
